Microsoft Visual Studio Solution File, Format Version 12.00
# Visual Studio Version 17
VisualStudioVersion = 17.5.2.0
MinimumVisualStudioVersion = 10.0.40219.1
Project("{2150E333-8FDC-42A3-9474-1A3956D46DE8}") = "src", "src", "{827E0CD3-B72D-47B6-A68D-7590B98EB39B}"
EndProject
Project("{2150E333-8FDC-42A3-9474-1A3956D46DE8}") = "infra", "infra", "{15879CB8-7A3F-14CE-5390-BDD4BAA5791B}"
EndProject
Project("{FAE04EC0-301F-11D3-BF4B-00C04F79EFBC}") = "CodeGenerator", "src\infra\CodeGenerator\CodeGenerator.csproj", "{A863F430-2C01-8B3D-D24D-4E2F1607CDC0}"
EndProject
Project("{2150E333-8FDC-42A3-9474-1A3956D46DE8}") = "prj", "prj", "{43CBE922-83D3-116F-660F-CB608F9795F7}"
EndProject
Project("{FAE04EC0-301F-11D3-BF4B-00C04F79EFBC}") = "HanyCoMES", "src\prj\HanyCoMES\HanyCoMES.csproj", "{F9252FF7-306D-8338-B5D0-90C0A7AB1A76}"
EndProject
Project("{2150E333-8FDC-42A3-9474-1A3956D46DE8}") = "bcl", "bcl", "{22E5729A-3A40-62D0-6A71-4C1A53408DCB}"
EndProject
Project("{FAE04EC0-301F-11D3-BF4B-00C04F79EFBC}") = "DataLib", "src\bcl\DataLib\DataLib.csproj", "{17A75A99-7135-FBD2-CD4F-C3FE6705AFE5}"
EndProject
Project("{FAE04EC0-301F-11D3-BF4B-00C04F79EFBC}") = "CodeGenLib", "src\bcl\CodeGenLib\CodeGenLib.csproj", "{C7FD6D13-D779-3E76-2569-9DA6A3F303A6}"
EndProject
Project("{FAE04EC0-301F-11D3-BF4B-00C04F79EFBC}") = "CoreLib", "src\bcl\CoreLib\CoreLib.csproj", "{D0D7B85E-9178-69D5-4070-6A9F8C42B9BA}"
EndProject
Project("{2150E333-8FDC-42A3-9474-1A3956D46DE8}") = "test", "test", "{3E72BF5C-0B5E-D5BD-DCAE-6B991004B4A5}"
EndProject
Project("{FAE04EC0-301F-11D3-BF4B-00C04F79EFBC}") = "ConApp", "src\test\ConApp\ConApp.csproj", "{B8F3078A-236B-A2B9-9B82-B0045AFBD188}"
EndProject
Global
	GlobalSection(SolutionConfigurationPlatforms) = preSolution
		Debug|Any CPU = Debug|Any CPU
		Release|Any CPU = Release|Any CPU
	EndGlobalSection
	GlobalSection(ProjectConfigurationPlatforms) = postSolution
		{A863F430-2C01-8B3D-D24D-4E2F1607CDC0}.Debug|Any CPU.ActiveCfg = Debug|Any CPU
		{A863F430-2C01-8B3D-D24D-4E2F1607CDC0}.Debug|Any CPU.Build.0 = Debug|Any CPU
		{A863F430-2C01-8B3D-D24D-4E2F1607CDC0}.Release|Any CPU.ActiveCfg = Release|Any CPU
		{A863F430-2C01-8B3D-D24D-4E2F1607CDC0}.Release|Any CPU.Build.0 = Release|Any CPU
		{F9252FF7-306D-8338-B5D0-90C0A7AB1A76}.Debug|Any CPU.ActiveCfg = Debug|Any CPU
		{F9252FF7-306D-8338-B5D0-90C0A7AB1A76}.Debug|Any CPU.Build.0 = Debug|Any CPU
		{F9252FF7-306D-8338-B5D0-90C0A7AB1A76}.Release|Any CPU.ActiveCfg = Release|Any CPU
		{F9252FF7-306D-8338-B5D0-90C0A7AB1A76}.Release|Any CPU.Build.0 = Release|Any CPU
		{17A75A99-7135-FBD2-CD4F-C3FE6705AFE5}.Debug|Any CPU.ActiveCfg = Debug|Any CPU
		{17A75A99-7135-FBD2-CD4F-C3FE6705AFE5}.Debug|Any CPU.Build.0 = Debug|Any CPU
		{17A75A99-7135-FBD2-CD4F-C3FE6705AFE5}.Release|Any CPU.ActiveCfg = Release|Any CPU
		{17A75A99-7135-FBD2-CD4F-C3FE6705AFE5}.Release|Any CPU.Build.0 = Release|Any CPU
		{C7FD6D13-D779-3E76-2569-9DA6A3F303A6}.Debug|Any CPU.ActiveCfg = Debug|Any CPU
		{C7FD6D13-D779-3E76-2569-9DA6A3F303A6}.Debug|Any CPU.Build.0 = Debug|Any CPU
		{C7FD6D13-D779-3E76-2569-9DA6A3F303A6}.Release|Any CPU.ActiveCfg = Release|Any CPU
		{C7FD6D13-D779-3E76-2569-9DA6A3F303A6}.Release|Any CPU.Build.0 = Release|Any CPU
		{D0D7B85E-9178-69D5-4070-6A9F8C42B9BA}.Debug|Any CPU.ActiveCfg = Debug|Any CPU
		{D0D7B85E-9178-69D5-4070-6A9F8C42B9BA}.Debug|Any CPU.Build.0 = Debug|Any CPU
		{D0D7B85E-9178-69D5-4070-6A9F8C42B9BA}.Release|Any CPU.ActiveCfg = Release|Any CPU
		{D0D7B85E-9178-69D5-4070-6A9F8C42B9BA}.Release|Any CPU.Build.0 = Release|Any CPU
		{B8F3078A-236B-A2B9-9B82-B0045AFBD188}.Debug|Any CPU.ActiveCfg = Debug|Any CPU
		{B8F3078A-236B-A2B9-9B82-B0045AFBD188}.Debug|Any CPU.Build.0 = Debug|Any CPU
		{B8F3078A-236B-A2B9-9B82-B0045AFBD188}.Release|Any CPU.ActiveCfg = Release|Any CPU
		{B8F3078A-236B-A2B9-9B82-B0045AFBD188}.Release|Any CPU.Build.0 = Release|Any CPU
	EndGlobalSection
	GlobalSection(SolutionProperties) = preSolution
		HideSolutionNode = FALSE
	EndGlobalSection
	GlobalSection(NestedProjects) = preSolution
		{15879CB8-7A3F-14CE-5390-BDD4BAA5791B} = {827E0CD3-B72D-47B6-A68D-7590B98EB39B}
		{A863F430-2C01-8B3D-D24D-4E2F1607CDC0} = {15879CB8-7A3F-14CE-5390-BDD4BAA5791B}
		{43CBE922-83D3-116F-660F-CB608F9795F7} = {827E0CD3-B72D-47B6-A68D-7590B98EB39B}
		{F9252FF7-306D-8338-B5D0-90C0A7AB1A76} = {43CBE922-83D3-116F-660F-CB608F9795F7}
		{22E5729A-3A40-62D0-6A71-4C1A53408DCB} = {827E0CD3-B72D-47B6-A68D-7590B98EB39B}
		{17A75A99-7135-FBD2-CD4F-C3FE6705AFE5} = {22E5729A-3A40-62D0-6A71-4C1A53408DCB}
		{C7FD6D13-D779-3E76-2569-9DA6A3F303A6} = {22E5729A-3A40-62D0-6A71-4C1A53408DCB}
		{D0D7B85E-9178-69D5-4070-6A9F8C42B9BA} = {22E5729A-3A40-62D0-6A71-4C1A53408DCB}
		{3E72BF5C-0B5E-D5BD-DCAE-6B991004B4A5} = {827E0CD3-B72D-47B6-A68D-7590B98EB39B}
		{B8F3078A-236B-A2B9-9B82-B0045AFBD188} = {3E72BF5C-0B5E-D5BD-DCAE-6B991004B4A5}
	EndGlobalSection
	GlobalSection(ExtensibilityGlobals) = postSolution
		SolutionGuid = {C5358D8D-FBC6-4385-9E7C-06335F8C74E4}
	EndGlobalSection
EndGlobal
